
Microsoft Visual Studio Solution File, Format Version 12.00
# Visual Studio Version 16
VisualStudioVersion = 16.0.30114.105
MinimumVisualStudioVersion = 10.0.40219.1
Project("{FAE04EC0-301F-11D3-BF4B-00C04F79EFBC}") = "CloudCustomers.API", "CloudCustomers.API\CloudCustomers.API.csproj", "{008DBAAC-4EB3-4C9F-B8AF-AD828CFBCD0F}"
EndProject
Project("{FAE04EC0-301F-11D3-BF4B-00C04F79EFBC}") = "CloudCustomers.UnitTests", "CloudCustomers.UnitTests\CloudCustomers.UnitTests.csproj", "{C9C58896-3175-4AAA-BA0D-2CFB7FB267C3}"
EndProject
Global
	GlobalSection(SolutionConfigurationPlatforms) = preSolution
		Debug|Any CPU = Debug|Any CPU
		Release|Any CPU = Release|Any CPU
	EndGlobalSection
	GlobalSection(SolutionProperties) = preSolution
		HideSolutionNode = FALSE
	EndGlobalSection
	GlobalSection(ProjectConfigurationPlatforms) = postSolution
		{008DBAAC-4EB3-4C9F-B8AF-AD828CFBCD0F}.Debug|Any CPU.ActiveCfg = Debug|Any CPU
		{008DBAAC-4EB3-4C9F-B8AF-AD828CFBCD0F}.Debug|Any CPU.Build.0 = Debug|Any CPU
		{008DBAAC-4EB3-4C9F-B8AF-AD828CFBCD0F}.Release|Any CPU.ActiveCfg = Release|Any CPU
		{008DBAAC-4EB3-4C9F-B8AF-AD828CFBCD0F}.Release|Any CPU.Build.0 = Release|Any CPU
		{C9C58896-3175-4AAA-BA0D-2CFB7FB267C3}.Debug|Any CPU.ActiveCfg = Debug|Any CPU
		{C9C58896-3175-4AAA-BA0D-2CFB7FB267C3}.Debug|Any CPU.Build.0 = Debug|Any CPU
		{C9C58896-3175-4AAA-BA0D-2CFB7FB267C3}.Release|Any CPU.ActiveCfg = Release|Any CPU
		{C9C58896-3175-4AAA-BA0D-2CFB7FB267C3}.Release|Any CPU.Build.0 = Release|Any CPU
	EndGlobalSection
EndGlobal
